
Microsoft Visual Studio Solution File, Format Version 12.00
# Visual Studio Version 17
VisualStudioVersion = 17.3.32929.385
MinimumVisualStudioVersion = 10.0.40219.1
Project("{FAE04EC0-301F-11D3-BF4B-00C04F79EFBC}") = "quizzdos-be", "quizzdos-be.csproj", "{5A40922D-74BF-498F-A62E-36F872CAC3E6}"
EndProject
Global
	GlobalSection(SolutionConfigurationPlatforms) = preSolution
		Debug|Any CPU = Debug|Any CPU
		Release|Any CPU = Release|Any CPU
	EndGlobalSection
	GlobalSection(ProjectConfigurationPlatforms) = postSolution
		{5A40922D-74BF-498F-A62E-36F872CAC3E6}.Debug|Any CPU.ActiveCfg = Debug|Any CPU
		{5A40922D-74BF-498F-A62E-36F872CAC3E6}.Debug|Any CPU.Build.0 = Debug|Any CPU
		{5A40922D-74BF-498F-A62E-36F872CAC3E6}.Release|Any CPU.ActiveCfg = Release|Any CPU
		{5A40922D-74BF-498F-A62E-36F872CAC3E6}.Release|Any CPU.Build.0 = Release|Any CPU
	EndGlobalSection
	GlobalSection(SolutionProperties) = preSolution
		HideSolutionNode = FALSE
	EndGlobalSection
	GlobalSection(ExtensibilityGlobals) = postSolution
		SolutionGuid = {D5043626-4BD3-4ADD-B456-2D29A51E9BE2}
	EndGlobalSection
EndGlobal
